
Microsoft Visual Studio Solution File, Format Version 12.00
# Visual Studio Version 17
VisualStudioVersion = 17.5.002.0
MinimumVisualStudioVersion = 10.0.40219.1
Project("{2150E333-8FDC-42A3-9474-1A3956D46DE8}") = "csharp-prep", "csharp-prep", "{8A8EDC68-8AD0-4BA2-9D45-D462E0B1080B}"
EndProject
Project("{9A19103F-16F7-4668-BE54-9A1E7A4F7556}") = "Prep1", "csharp-prep\Prep1\Prep1.csproj", "{8856CB21-EBF9-40B4-8760-008FB7AE68DF}"
EndProject
Project("{9A19103F-16F7-4668-BE54-9A1E7A4F7556}") = "Prep2", "csharp-prep\Prep2\Prep2.csproj", "{B96CE5C3-4BBD-4369-85C0-AA4DD7222518}"
EndProject
Project("{9A19103F-16F7-4668-BE54-9A1E7A4F7556}") = "Prep3", "csharp-prep\Prep3\Prep3.csproj", "{11E7A482-F521-4515-A0C6-99AB63DD7C65}"
EndProject
Project("{9A19103F-16F7-4668-BE54-9A1E7A4F7556}") = "Prep4", "csharp-prep\Prep4\Prep4.csproj", "{06906396-89F6-4A71-8FA2-7175B7E39ACB}"
EndProject
Project("{9A19103F-16F7-4668-BE54-9A1E7A4F7556}") = "Prep5", "csharp-prep\Prep5\Prep5.csproj", "{D8534CFC-744C-4879-A54C-5CAF7831545A}"
EndProject
Project("{2150E333-8FDC-42A3-9474-1A3956D46DE8}") = "final", "final", "{0F49A8BC-A9EC-4DA8-9A32-E5B66A3DE390}"
EndProject
Project("{9A19103F-16F7-4668-BE54-9A1E7A4F7556}") = "FinalProject", "final\FinalProject\FinalProject.csproj", "{700FCDA8-DF6D-4234-A5E4-B80684726306}"
EndProject
Project("{9A19103F-16F7-4668-BE54-9A1E7A4F7556}") = "Foundation1", "final\Foundation1\Foundation1.csproj", "{A912709A-60F6-4AFD-81F4-A4EA8554A8EF}"
EndProject
Project("{9A19103F-16F7-4668-BE54-9A1E7A4F7556}") = "Foundation2", "final\Foundation2\Foundation2.csproj", "{F960A6EB-37CB-4272-828F-06BE913D12C7}"
EndProject
Project("{9A19103F-16F7-4668-BE54-9A1E7A4F7556}") = "Foundation3", "final\Foundation3\Foundation3.csproj", "{351864DD-0C7A-46F9-8F36-20C009FDD5FD}"
EndProject
Project("{9A19103F-16F7-4668-BE54-9A1E7A4F7556}") = "Foundation4", "final\Foundation4\Foundation4.csproj", "{2F1E4DFF-E953-4AF6-9FB9-211E88E1507D}"
EndProject
Project("{2150E333-8FDC-42A3-9474-1A3956D46DE8}") = "prepare", "prepare", "{DD76E19E-7FAD-40B4-B824-A12ED16CC8BC}"
EndProject
Project("{9A19103F-16F7-4668-BE54-9A1E7A4F7556}") = "Learning02", "prepare\Learning02\Learning02.csproj", "{19A27ACD-67F8-4C10-A2FE-759EB0CC473E}"
EndProject
Project("{9A19103F-16F7-4668-BE54-9A1E7A4F7556}") = "Learning03", "prepare\Learning03\Learning03.csproj", "{53CE3313-07D4-4B4F-9931-FA730FBF65AF}"
EndProject
Project("{9A19103F-16F7-4668-BE54-9A1E7A4F7556}") = "Learning04", "prepare\Learning04\Learning04.csproj", "{EFEE0E3C-7073-4BEC-A01B-8ECCC5442D18}"
EndProject
Project("{9A19103F-16F7-4668-BE54-9A1E7A4F7556}") = "Learning05", "prepare\Learning05\Learning05.csproj", "{ACA4B42B-8214-42BB-9EF1-50F0F485BF66}"
EndProject
Project("{2150E333-8FDC-42A3-9474-1A3956D46DE8}") = "prove", "prove", "{0BB54023-F1D3-44EC-A335-27E30B94A98B}"
EndProject
Project("{9A19103F-16F7-4668-BE54-9A1E7A4F7556}") = "Develop02", "prove\Develop02\Develop02.csproj", "{0CC9B53F-C85B-4EDE-ACA6-1261AE8E88CF}"
EndProject
Project("{9A19103F-16F7-4668-BE54-9A1E7A4F7556}") = "Develop03", "prove\Develop03\Develop03.csproj", "{6301C5E8-2FC8-4640-A8D2-7D7B8390C799}"
EndProject
Project("{9A19103F-16F7-4668-BE54-9A1E7A4F7556}") = "Develop04", "prove\Develop04\Develop04.csproj", "{94F03919-3705-443E-BA39-01C0E53C71CE}"
EndProject
Project("{9A19103F-16F7-4668-BE54-9A1E7A4F7556}") = "Develop05", "prove\Develop05\Develop05.csproj", "{912B4BCA-DF76-4D54-B6D9-F057FF2DBF08}"
EndProject
Project("{2150E333-8FDC-42A3-9474-1A3956D46DE8}") = "sandbox", "sandbox", "{9066B75E-FD1F-47C1-B0A4-4BAE17F914FF}"
EndProject
Project("{9A19103F-16F7-4668-BE54-9A1E7A4F7556}") = "Sandbox", "sandbox\Sandbox\Sandbox.csproj", "{805BAAC9-EDB6-41C4-94AB-AF172AB89855}"
EndProject
Global
	GlobalSection(SolutionConfigurationPlatforms) = preSolution
		Debug|Any CPU = Debug|Any CPU
		Release|Any CPU = Release|Any CPU
	EndGlobalSection
	GlobalSection(ProjectConfigurationPlatforms) = postSolution
		{8856CB21-EBF9-40B4-8760-008FB7AE68DF}.Debug|Any CPU.ActiveCfg = Debug|Any CPU
		{8856CB21-EBF9-40B4-8760-008FB7AE68DF}.Debug|Any CPU.Build.0 = Debug|Any CPU
		{8856CB21-EBF9-40B4-8760-008FB7AE68DF}.Release|Any CPU.ActiveCfg = Release|Any CPU
		{8856CB21-EBF9-40B4-8760-008FB7AE68DF}.Release|Any CPU.Build.0 = Release|Any CPU
		{B96CE5C3-4BBD-4369-85C0-AA4DD7222518}.Debug|Any CPU.ActiveCfg = Debug|Any CPU
		{B96CE5C3-4BBD-4369-85C0-AA4DD7222518}.Debug|Any CPU.Build.0 = Debug|Any CPU
		{B96CE5C3-4BBD-4369-85C0-AA4DD7222518}.Release|Any CPU.ActiveCfg = Release|Any CPU
		{B96CE5C3-4BBD-4369-85C0-AA4DD7222518}.Release|Any CPU.Build.0 = Release|Any CPU
		{11E7A482-F521-4515-A0C6-99AB63DD7C65}.Debug|Any CPU.ActiveCfg = Debug|Any CPU
		{11E7A482-F521-4515-A0C6-99AB63DD7C65}.Debug|Any CPU.Build.0 = Debug|Any CPU
		{11E7A482-F521-4515-A0C6-99AB63DD7C65}.Release|Any CPU.ActiveCfg = Release|Any CPU
		{11E7A482-F521-4515-A0C6-99AB63DD7C65}.Release|Any CPU.Build.0 = Release|Any CPU
		{06906396-89F6-4A71-8FA2-7175B7E39ACB}.Debug|Any CPU.ActiveCfg = Debug|Any CPU
		{06906396-89F6-4A71-8FA2-7175B7E39ACB}.Debug|Any CPU.Build.0 = Debug|Any CPU
		{06906396-89F6-4A71-8FA2-7175B7E39ACB}.Release|Any CPU.ActiveCfg = Release|Any CPU
		{06906396-89F6-4A71-8FA2-7175B7E39ACB}.Release|Any CPU.Build.0 = Release|Any CPU
		{D8534CFC-744C-4879-A54C-5CAF7831545A}.Debug|Any CPU.ActiveCfg = Debug|Any CPU
		{D8534CFC-744C-4879-A54C-5CAF7831545A}.Debug|Any CPU.Build.0 = Debug|Any CPU
		{D8534CFC-744C-4879-A54C-5CAF7831545A}.Release|Any CPU.ActiveCfg = Release|Any CPU
		{D8534CFC-744C-4879-A54C-5CAF7831545A}.Release|Any CPU.Build.0 = Release|Any CPU
		{700FCDA8-DF6D-4234-A5E4-B80684726306}.Debug|Any CPU.ActiveCfg = Debug|Any CPU
		{700FCDA8-DF6D-4234-A5E4-B80684726306}.Debug|Any CPU.Build.0 = Debug|Any CPU
		{700FCDA8-DF6D-4234-A5E4-B80684726306}.Release|Any CPU.ActiveCfg = Release|Any CPU
		{700FCDA8-DF6D-4234-A5E4-B80684726306}.Release|Any CPU.Build.0 = Release|Any CPU
		{A912709A-60F6-4AFD-81F4-A4EA8554A8EF}.Debug|Any CPU.ActiveCfg = Debug|Any CPU
		{A912709A-60F6-4AFD-81F4-A4EA8554A8EF}.Debug|Any CPU.Build.0 = Debug|Any CPU
		{A912709A-60F6-4AFD-81F4-A4EA8554A8EF}.Release|Any CPU.ActiveCfg = Release|Any CPU
		{A912709A-60F6-4AFD-81F4-A4EA8554A8EF}.Release|Any CPU.Build.0 = Release|Any CPU
		{F960A6EB-37CB-4272-828F-06BE913D12C7}.Debug|Any CPU.ActiveCfg = Debug|Any CPU
		{F960A6EB-37CB-4272-828F-06BE913D12C7}.Debug|Any CPU.Build.0 = Debug|Any CPU
		{F960A6EB-37CB-4272-828F-06BE913D12C7}.Release|Any CPU.ActiveCfg = Release|Any CPU
		{F960A6EB-37CB-4272-828F-06BE913D12C7}.Release|Any CPU.Build.0 = Release|Any CPU
		{351864DD-0C7A-46F9-8F36-20C009FDD5FD}.Debug|Any CPU.ActiveCfg = Debug|Any CPU
		{351864DD-0C7A-46F9-8F36-20C009FDD5FD}.Debug|Any CPU.Build.0 = Debug|Any CPU
		{351864DD-0C7A-46F9-8F36-20C009FDD5FD}.Release|Any CPU.ActiveCfg = Release|Any CPU
		{351864DD-0C7A-46F9-8F36-20C009FDD5FD}.Release|Any CPU.Build.0 = Release|Any CPU
		{2F1E4DFF-E953-4AF6-9FB9-211E88E1507D}.Debug|Any CPU.ActiveCfg = Debug|Any CPU
		{2F1E4DFF-E953-4AF6-9FB9-211E88E1507D}.Debug|Any CPU.Build.0 = Debug|Any CPU
		{2F1E4DFF-E953-4AF6-9FB9-211E88E1507D}.Release|Any CPU.ActiveCfg = Release|Any CPU
		{2F1E4DFF-E953-4AF6-9FB9-211E88E1507D}.Release|Any CPU.Build.0 = Release|Any CPU
		{19A27ACD-67F8-4C10-A2FE-759EB0CC473E}.Debug|Any CPU.ActiveCfg = Debug|Any CPU
		{19A27ACD-67F8-4C10-A2FE-759EB0CC473E}.Debug|Any CPU.Build.0 = Debug|Any CPU
		{19A27ACD-67F8-4C10-A2FE-759EB0CC473E}.Release|Any CPU.ActiveCfg = Release|Any CPU
		{19A27ACD-67F8-4C10-A2FE-759EB0CC473E}.Release|Any CPU.Build.0 = Release|Any CPU
		{53CE3313-07D4-4B4F-9931-FA730FBF65AF}.Debug|Any CPU.ActiveCfg = Debug|Any CPU
		{53CE3313-07D4-4B4F-9931-FA730FBF65AF}.Debug|Any CPU.Build.0 = Debug|Any CPU
		{53CE3313-07D4-4B4F-9931-FA730FBF65AF}.Release|Any CPU.ActiveCfg = Release|Any CPU
		{53CE3313-07D4-4B4F-9931-FA730FBF65AF}.Release|Any CPU.Build.0 = Release|Any CPU
		{EFEE0E3C-7073-4BEC-A01B-8ECCC5442D18}.Debug|Any CPU.ActiveCfg = Debug|Any CPU
		{EFEE0E3C-7073-4BEC-A01B-8ECCC5442D18}.Debug|Any CPU.Build.0 = Debug|Any CPU
		{EFEE0E3C-7073-4BEC-A01B-8ECCC5442D18}.Release|Any CPU.ActiveCfg = Release|Any CPU
		{EFEE0E3C-7073-4BEC-A01B-8ECCC5442D18}.Release|Any CPU.Build.0 = Release|Any CPU
		{ACA4B42B-8214-42BB-9EF1-50F0F485BF66}.Debug|Any CPU.ActiveCfg = Debug|Any CPU
		{ACA4B42B-8214-42BB-9EF1-50F0F485BF66}.Debug|Any CPU.Build.0 = Debug|Any CPU
		{ACA4B42B-8214-42BB-9EF1-50F0F485BF66}.Release|Any CPU.ActiveCfg = Release|Any CPU
		{ACA4B42B-8214-42BB-9EF1-50F0F485BF66}.Release|Any CPU.Build.0 = Release|Any CPU
		{0CC9B53F-C85B-4EDE-ACA6-1261AE8E88CF}.Debug|Any CPU.ActiveCfg = Debug|Any CPU
		{0CC9B53F-C85B-4EDE-ACA6-1261AE8E88CF}.Debug|Any CPU.Build.0 = Debug|Any CPU
		{0CC9B53F-C85B-4EDE-ACA6-1261AE8E88CF}.Release|Any CPU.ActiveCfg = Release|Any CPU
		{0CC9B53F-C85B-4EDE-ACA6-1261AE8E88CF}.Release|Any CPU.Build.0 = Release|Any CPU
		{6301C5E8-2FC8-4640-A8D2-7D7B8390C799}.Debug|Any CPU.ActiveCfg = Debug|Any CPU
		{6301C5E8-2FC8-4640-A8D2-7D7B8390C799}.Debug|Any CPU.Build.0 = Debug|Any CPU
		{6301C5E8-2FC8-4640-A8D2-7D7B8390C799}.Release|Any CPU.ActiveCfg = Release|Any CPU
		{6301C5E8-2FC8-4640-A8D2-7D7B8390C799}.Release|Any CPU.Build.0 = Release|Any CPU
		{94F03919-3705-443E-BA39-01C0E53C71CE}.Debug|Any CPU.ActiveCfg = Debug|Any CPU
		{94F03919-3705-443E-BA39-01C0E53C71CE}.Debug|Any CPU.Build.0 = Debug|Any CPU
		{94F03919-3705-443E-BA39-01C0E53C71CE}.Release|Any CPU.ActiveCfg = Release|Any CPU
		{94F03919-3705-443E-BA39-01C0E53C71CE}.Release|Any CPU.Build.0 = Release|Any CPU
		{912B4BCA-DF76-4D54-B6D9-F057FF2DBF08}.Debug|Any CPU.ActiveCfg = Debug|Any CPU
		{912B4BCA-DF76-4D54-B6D9-F057FF2DBF08}.Debug|Any CPU.Build.0 = Debug|Any CPU
		{912B4BCA-DF76-4D54-B6D9-F057FF2DBF08}.Release|Any CPU.ActiveCfg = Release|Any CPU
		{912B4BCA-DF76-4D54-B6D9-F057FF2DBF08}.Release|Any CPU.Build.0 = Release|Any CPU
		{805BAAC9-EDB6-41C4-94AB-AF172AB89855}.Debug|Any CPU.ActiveCfg = Debug|Any CPU
		{805BAAC9-EDB6-41C4-94AB-AF172AB89855}.Debug|Any CPU.Build.0 = Debug|Any CPU
		{805BAAC9-EDB6-41C4-94AB-AF172AB89855}.Release|Any CPU.ActiveCfg = Release|Any CPU
		{805BAAC9-EDB6-41C4-94AB-AF172AB89855}.Release|Any CPU.Build.0 = Release|Any CPU
	EndGlobalSection
	GlobalSection(SolutionProperties) = preSolution
		HideSolutionNode = FALSE
	EndGlobalSection
	GlobalSection(NestedProjects) = preSolution
		{8856CB21-EBF9-40B4-8760-008FB7AE68DF} = {8A8EDC68-8AD0-4BA2-9D45-D462E0B1080B}
		{B96CE5C3-4BBD-4369-85C0-AA4DD7222518} = {8A8EDC68-8AD0-4BA2-9D45-D462E0B1080B}
		{11E7A482-F521-4515-A0C6-99AB63DD7C65} = {8A8EDC68-8AD0-4BA2-9D45-D462E0B1080B}
		{06906396-89F6-4A71-8FA2-7175B7E39ACB} = {8A8EDC68-8AD0-4BA2-9D45-D462E0B1080B}
		{D8534CFC-744C-4879-A54C-5CAF7831545A} = {8A8EDC68-8AD0-4BA2-9D45-D462E0B1080B}
		{700FCDA8-DF6D-4234-A5E4-B80684726306} = {0F49A8BC-A9EC-4DA8-9A32-E5B66A3DE390}
		{A912709A-60F6-4AFD-81F4-A4EA8554A8EF} = {0F49A8BC-A9EC-4DA8-9A32-E5B66A3DE390}
		{F960A6EB-37CB-4272-828F-06BE913D12C7} = {0F49A8BC-A9EC-4DA8-9A32-E5B66A3DE390}
		{351864DD-0C7A-46F9-8F36-20C009FDD5FD} = {0F49A8BC-A9EC-4DA8-9A32-E5B66A3DE390}
		{2F1E4DFF-E953-4AF6-9FB9-211E88E1507D} = {0F49A8BC-A9EC-4DA8-9A32-E5B66A3DE390}
		{19A27ACD-67F8-4C10-A2FE-759EB0CC473E} = {DD76E19E-7FAD-40B4-B824-A12ED16CC8BC}
		{53CE3313-07D4-4B4F-9931-FA730FBF65AF} = {DD76E19E-7FAD-40B4-B824-A12ED16CC8BC}
		{EFEE0E3C-7073-4BEC-A01B-8ECCC5442D18} = {DD76E19E-7FAD-40B4-B824-A12ED16CC8BC}
		{ACA4B42B-8214-42BB-9EF1-50F0F485BF66} = {DD76E19E-7FAD-40B4-B824-A12ED16CC8BC}
		{0CC9B53F-C85B-4EDE-ACA6-1261AE8E88CF} = {0BB54023-F1D3-44EC-A335-27E30B94A98B}
		{6301C5E8-2FC8-4640-A8D2-7D7B8390C799} = {0BB54023-F1D3-44EC-A335-27E30B94A98B}
		{94F03919-3705-443E-BA39-01C0E53C71CE} = {0BB54023-F1D3-44EC-A335-27E30B94A98B}
		{912B4BCA-DF76-4D54-B6D9-F057FF2DBF08} = {0BB54023-F1D3-44EC-A335-27E30B94A98B}
		{805BAAC9-EDB6-41C4-94AB-AF172AB89855} = {9066B75E-FD1F-47C1-B0A4-4BAE17F914FF}
	EndGlobalSection
	GlobalSection(ExtensibilityGlobals) = postSolution
		SolutionGuid = {9C3A41D0-62E7-4FE2-ACB0-8CC38AE06068}
	EndGlobalSection
EndGlobal
